// !$*UTF8*$!
{
	archiveVersion = 1;
	classes = {
	};
	objectVersion = 46;
	objects = {

/* Begin PBXBuildFile section */
		27AAB111BF48D23AFCAAA698 /* libPods-Lingstest.a in Frameworks */ = {isa = PBXBuildFile; fileRef = C194B84DB31FE3C523F7B5FE /* libPods-Lingstest.a */; };
		90ABC7AF1D2446C5004C705A /* main.m in Sources */ = {isa = PBXBuildFile; fileRef = 90ABC7AE1D2446C5004C705A /* main.m */; };
		90ABC7B21D2446C5004C705A /* AppDelegate.m in Sources */ = {isa = PBXBuildFile; fileRef = 90ABC7B11D2446C5004C705A /* AppDelegate.m */; };
		90ABC7B51D2446C5004C705A /* ViewController.m in Sources */ = {isa = PBXBuildFile; fileRef = 90ABC7B41D2446C5004C705A /* ViewController.m */; };
		90ABC7B81D2446C5004C705A /* Main.storyboard in Resources */ = {isa = PBXBuildFile; fileRef = 90ABC7B61D2446C5004C705A /* Main.storyboard */; };
		90ABC7BA1D2446C5004C705A /* Assets.xcassets in Resources */ = {isa = PBXBuildFile; fileRef = 90ABC7B91D2446C5004C705A /* Assets.xcassets */; };
		90ABC7BD1D2446C5004C705A /* LaunchScreen.storyboard in Resources */ = {isa = PBXBuildFile; fileRef = 90ABC7BB1D2446C5004C705A /* LaunchScreen.storyboard */; };
		90ABC7C51D244712004C705A /* GoogleService-Info.plist in Resources */ = {isa = PBXBuildFile; fileRef = 90ABC7C41D244712004C705A /* GoogleService-Info.plist */; };
		90ABC7C71D2570B4004C705A /* Podfile in Resources */ = {isa = PBXBuildFile; fileRef = 90ABC7C61D2570B4004C705A /* Podfile */; };
/* End PBXBuildFile section */

/* Begin PBXFileReference section */
		1BC32DCF85777109265ACA5F /* Pods-Lingstest.debug.xcconfig */ = {isa = PBXFileReference; includeInIndex = 1; lastKnownFileType = text.xcconfig; name = "Pods-Lingstest.debug.xcconfig"; path = "Pods/Target Support Files/Pods-Lingstest/Pods-Lingstest.debug.xcconfig"; sourceTree = "<group>"; };
		90ABC7AA1D2446C5004C705A /* Lingstest.app */ = {isa = PBXFileReference; explicitFileType = wrapper.application; includeInIndex = 0; path = Lingstest.app; sourceTree = BUILT_PRODUCTS_DIR; };
		90ABC7AE1D2446C5004C705A /* main.m */ = {isa = PBXFileReference; lastKnownFileType = sourcecode.c.objc; path = main.m; sourceTree = "<group>"; };
		90ABC7B01D2446C5004C705A /* AppDelegate.h */ = {isa = PBXFileReference; lastKnownFileType = sourcecode.c.h; path = AppDelegate.h; sourceTree = "<group>"; };
		90ABC7B11D2446C5004C705A /* AppDelegate.m */ = {isa = PBXFileReference; lastKnownFileType = sourcecode.c.objc; path = AppDelegate.m; sourceTree = "<group>"; };
		90ABC7B31D2446C5004C705A /* ViewController.h */ = {isa = PBXFileReference; lastKnownFileType = sourcecode.c.h; path = ViewController.h; sourceTree = "<group>"; };
		90ABC7B41D2446C5004C705A /* ViewController.m */ = {isa = PBXFileReference; lastKnownFileType = sourcecode.c.objc; path = ViewController.m; sourceTree = "<group>"; };
		90ABC7B71D2446C5004C705A /* Base */ = {isa = PBXFileReference; lastKnownFileType = file.storyboard; name = Base; path = Base.lproj/Main.storyboard; sourceTree = "<group>"; };
		90ABC7B91D2446C5004C705A /* Assets.xcassets */ = {isa = PBXFileReference; lastKnownFileType = folder.assetcatalog; path = Assets.xcassets; sourceTree = "<group>"; };
		90ABC7BC1D2446C5004C705A /* Base */ = {isa = PBXFileReference; lastKnownFileType = file.storyboard; name = Base; path = Base.lproj/LaunchScreen.storyboard; sourceTree = "<group>"; };
		90ABC7BE1D2446C5004C705A /* Info.plist */ = {isa = PBXFileReference; lastKnownFileType = text.plist.xml; path = Info.plist; sourceTree = "<group>"; };
		90ABC7C41D244712004C705A /* GoogleService-Info.plist */ = {isa = PBXFileReference; fileEncoding = 4; lastKnownFileType = text.plist.xml; name = "GoogleService-Info.plist"; path = "Lingstest/GoogleService-Info.plist"; sourceTree = "<group>"; };
		90ABC7C61D2570B4004C705A /* Podfile */ = {isa = PBXFileReference; fileEncoding = 4; lastKnownFileType = text; path = Podfile; sourceTree = "<group>"; };
		C194B84DB31FE3C523F7B5FE /* libPods-Lingstest.a */ = {isa = PBXFileReference; explicitFileType = archive.ar; includeInIndex = 0; path = "libPods-Lingstest.a"; sourceTree = BUILT_PRODUCTS_DIR; };
		E664B0087EA5885477C52023 /* Pods-Lingstest.release.xcconfig */ = {isa = PBXFileReference; includeInIndex = 1; lastKnownFileType = text.xcconfig; name = "Pods-Lingstest.release.xcconfig"; path = "Pods/Target Support Files/Pods-Lingstest/Pods-Lingstest.release.xcconfig"; sourceTree = "<group>"; };
/* End PBXFileReference section */

/* Begin PBXFrameworksBuildPhase section */
		90ABC7A71D2446C5004C705A /* Frameworks */ = {
			isa = PBXFrameworksBuildPhase;
			buildActionMask = 2147483647;
			files = (
				27AAB111BF48D23AFCAAA698 /* libPods-Lingstest.a in Frameworks */,
			);
			runOnlyForDeploymentPostprocessing = 0;
		};
/* End PBXFrameworksBuildPhase section */

/* Begin PBXGroup section */
		5ABF1EB6A2EDA452DFEE71F1 /* Frameworks */ = {
			isa = PBXGroup;
			children = (
				C194B84DB31FE3C523F7B5FE /* libPods-Lingstest.a */,
			);
			name = Frameworks;
			sourceTree = "<group>";
		};
		719CEF3086ACD239F275307C /* Pods */ = {
			isa = PBXGroup;
			children = (
				1BC32DCF85777109265ACA5F /* Pods-Lingstest.debug.xcconfig */,
				E664B0087EA5885477C52023 /* Pods-Lingstest.release.xcconfig */,
			);
			name = Pods;
			sourceTree = "<group>";
		};
		90ABC7A11D2446C5004C705A = {
			isa = PBXGroup;
			children = (
				90ABC7C61D2570B4004C705A /* Podfile */,
				90ABC7C41D244712004C705A /* GoogleService-Info.plist */,
				90ABC7AC1D2446C5004C705A /* Lingstest */,
				90ABC7AB1D2446C5004C705A /* Products */,
				719CEF3086ACD239F275307C /* Pods */,
				5ABF1EB6A2EDA452DFEE71F1 /* Frameworks */,
			);
			sourceTree = "<group>";
		};
		90ABC7AB1D2446C5004C705A /* Products */ = {
			isa = PBXGroup;
			children = (
				90ABC7AA1D2446C5004C705A /* Lingstest.app */,
			);
			name = Products;
			sourceTree = "<group>";
		};
		90ABC7AC1D2446C5004C705A /* Lingstest */ = {
			isa = PBXGroup;
			children = (
				90ABC7B01D2446C5004C705A /* AppDelegate.h */,
				90ABC7B11D2446C5004C705A /* AppDelegate.m */,
				90ABC7B31D2446C5004C705A /* ViewController.h */,
				90ABC7B41D2446C5004C705A /* ViewController.m */,
				90ABC7B61D2446C5004C705A /* Main.storyboard */,
				90ABC7B91D2446C5004C705A /* Assets.xcassets */,
				90ABC7BB1D2446C5004C705A /* LaunchScreen.storyboard */,
				90ABC7BE1D2446C5004C705A /* Info.plist */,
				90ABC7AD1D2446C5004C705A /* Supporting Files */,
			);
			path = Lingstest;
			sourceTree = "<group>";
		};
		90ABC7AD1D2446C5004C705A /* Supporting Files */ = {
			isa = PBXGroup;
			children = (
				90ABC7AE1D2446C5004C705A /* main.m */,
			);
			name = "Supporting Files";
			sourceTree = "<group>";
		};
/* End PBXGroup section */

/* Begin PBXNativeTarget section */
		90ABC7A91D2446C5004C705A /* Lingstest */ = {
			isa = PBXNativeTarget;
			buildConfigurationList = 90ABC7C11D2446C5004C705A /* Build configuration list for PBXNativeTarget "Lingstest" */;
			buildPhases = (
				40EEB6F7302149C45BC6435B /* [CP] Check Pods Manifest.lock */,
				90ABC7A61D2446C5004C705A /* Sources */,
				90ABC7A71D2446C5004C705A /* Frameworks */,
				90ABC7A81D2446C5004C705A /* Resources */,
				690EDA081DD13C5DD4109488 /* [CP] Embed Pods Frameworks */,
				4CEA605792F030A24493801B /* [CP] Copy Pods Resources */,
			);
			buildRules = (
			);
			dependencies = (
			);
			name = Lingstest;
			productName = Lingstest;
			productReference = 90ABC7AA1D2446C5004C705A /* Lingstest.app */;
			productType = "com.apple.product-type.application";
		};
/* End PBXNativeTarget section */

/* Begin PBXProject section */
		90ABC7A21D2446C5004C705A /* Project object */ = {
			isa = PBXProject;
			attributes = {
				LastUpgradeCheck = 0730;
				ORGANIZATIONNAME = "Detroit Labs";
				TargetAttributes = {
					90ABC7A91D2446C5004C705A = {
						CreatedOnToolsVersion = 7.3.1;
					};
				};
			};
			buildConfigurationList = 90ABC7A51D2446C5004C705A /* Build configuration list for PBXProject "Lingstest" */;
			compatibilityVersion = "Xcode 3.2";
			developmentRegion = English;
			hasScannedForEncodings = 0;
			knownRegions = (
				en,
				Base,
			);
			mainGroup = 90ABC7A11D2446C5004C705A;
			productRefGroup = 90ABC7AB1D2446C5004C705A /* Products */;
			projectDirPath = "";
			projectRoot = "";
			targets = (
				90ABC7A91D2446C5004C705A /* Lingstest */,
			);
		};
/* End PBXProject section */

/* Begin PBXResourcesBuildPhase section */
		90ABC7A81D2446C5004C705A /* Resources */ = {
			isa = PBXResourcesBuildPhase;
			buildActionMask = 2147483647;
			files = (
				90ABC7C71D2570B4004C705A /* Podfile in Resources */,
				90ABC7BD1D2446C5004C705A /* LaunchScreen.storyboard in Resources */,
				90ABC7C51D244712004C705A /* GoogleService-Info.plist in Resources */,
				90ABC7BA1D2446C5004C705A /* Assets.xcassets in Resources */,
				90ABC7B81D2446C5004C705A /* Main.storyboard in Resources */,
			);
			runOnlyForDeploymentPostprocessing = 0;
		};
/* End PBXResourcesBuildPhase section */

/* Begin PBXShellScriptBuildPhase section */
		40EEB6F7302149C45BC6435B /* [CP] Check Pods Manifest.lock */ = {
			isa = PBXShellScriptBuildPhase;
			buildActionMask = 2147483647;
			files = (
			);
			inputPaths = (
			);
			name = "[CP] Check Pods Manifest.lock";
			outputPaths = (
			);
			runOnlyForDeploymentPostprocessing = 0;
			shellPath = /bin/sh;
			shellScript = "diff \"${PODS_ROOT}/../Podfile.lock\" \"${PODS_ROOT}/Manifest.lock\" > /dev/null\nif [[ $? != 0 ]] ; then\n    cat << EOM\nerror: The sandbox is not in sync with the Podfile.lock. Run 'pod install' or update your CocoaPods installation.\nEOM\n    exit 1\nfi\n";
			showEnvVarsInLog = 0;
		};
		4CEA605792F030A24493801B /* [CP] Copy Pods Resources */ = {
			isa = PBXShellScriptBuildPhase;
			buildActionMask = 2147483647;
			files = (
			);
			inputPaths = (
			);
			name = "[CP] Copy Pods Resources";
			outputPaths = (
			);
			runOnlyForDeploymentPostprocessing = 0;
			shellPath = /bin/sh;
			shellScript = "\"${SRCROOT}/Pods/Target Support Files/Pods-Lingstest/Pods-Lingstest-resources.sh\"\n";
			showEnvVarsInLog = 0;
		};
		690EDA081DD13C5DD4109488 /* [CP] Embed Pods Frameworks */ = {
			isa = PBXShellScriptBuildPhase;
			buildActionMask = 2147483647;
			files = (
			);
			inputPaths = (
			);
			name = "[CP] Embed Pods Frameworks";
			outputPaths = (
			);
			runOnlyForDeploymentPostprocessing = 0;
			shellPath = /bin/sh;
			shellScript = "\"${SRCROOT}/Pods/Target Support Files/Pods-Lingstest/Pods-Lingstest-frameworks.sh\"\n";
			showEnvVarsInLog = 0;
		};
/* End PBXShellScriptBuildPhase section */

/* Begin PBXSourcesBuildPhase section */
		90ABC7A61D2446C5004C705A /* Sources */ = {
			isa = PBXSourcesBuildPhase;
			buildActionMask = 2147483647;
			files = (
				90ABC7B51D2446C5004C705A /* ViewController.m in Sources */,
				90ABC7B21D2446C5004C705A /* AppDelegate.m in Sources */,
				90ABC7AF1D2446C5004C705A /* main.m in Sources */,
			);
			runOnlyForDeploymentPostprocessing = 0;
		};
/* End PBXSourcesBuildPhase section */

/* Begin PBXVariantGroup section */
		90ABC7B61D2446C5004C705A /* Main.storyboard */ = {
			isa = PBXVariantGroup;
			children = (
				90ABC7B71D2446C5004C705A /* Base */,
			);
			name = Main.storyboard;
			sourceTree = "<group>";
		};
		90ABC7BB1D2446C5004C705A /* LaunchScreen.storyboard */ = {
			isa = PBXVariantGroup;
			children = (
				90ABC7BC1D2446C5004C705A /* Base */,
			);
			name = LaunchScreen.storyboard;
			sourceTree = "<group>";
		};
/* End PBXVariantGroup section */

/* Begin XCBuildConfiguration section */
		90ABC7BF1D2446C5004C705A /* Debug */ = {
			isa = XCBuildConfiguration;
			buildSettings = {
				ALWAYS_SEARCH_USER_PATHS = NO;
				CLANG_ANALYZER_NONNULL = YES;
				CLANG_CXX_LANGUAGE_STANDARD = "gnu++0x";
				CLANG_CXX_LIBRARY = "libc++";
				CLANG_ENABLE_MODULES = YES;
				CLANG_ENABLE_OBJC_ARC = YES;
				CLANG_WARN_BOOL_CONVERSION = YES;
				CLANG_WARN_CONSTANT_CONVERSION = YES;
				CLANG_WARN_DIRECT_OBJC_ISA_USAGE = YES_ERROR;
				CLANG_WARN_EMPTY_BODY = YES;
				CLANG_WARN_ENUM_CONVERSION = YES;
				CLANG_WARN_INT_CONVERSION = YES;
				CLANG_WARN_OBJC_ROOT_CLASS = YES_ERROR;
				CLANG_WARN_UNREACHABLE_CODE = YES;
				CLANG_WARN__DUPLICATE_METHOD_MATCH = YES;
				"CODE_SIGN_IDENTITY[sdk=iphoneos*]" = "iPhone Developer";
				COPY_PHASE_STRIP = NO;
				DEBUG_INFORMATION_FORMAT = dwarf;
				ENABLE_STRICT_OBJC_MSGSEND = YES;
				ENABLE_TESTABILITY = YES;
				GCC_C_LANGUAGE_STANDARD = gnu99;
				GCC_DYNAMIC_NO_PIC = NO;
				GCC_NO_COMMON_BLOCKS = YES;
				GCC_OPTIMIZATION_LEVEL = 0;
				GCC_PREPROCESSOR_DEFINITIONS = (
					"DEBUG=1",
					"$(inherited)",
				);
				GCC_WARN_64_TO_32_BIT_CONVERSION = YES;
				GCC_WARN_ABOUT_RETURN_TYPE = YES_ERROR;
				GCC_WARN_UNDECLARED_SELECTOR = YES;
				GCC_WARN_UNINITIALIZED_AUTOS = YES_AGGRESSIVE;
				GCC_WARN_UNUSED_FUNCTION = YES;
				GCC_WARN_UNUSED_VARIABLE = YES;
				IPHONEOS_DEPLOYMENT_TARGET = 9.3;
				MTL_ENABLE_DEBUG_INFO = YES;
				ONLY_ACTIVE_ARCH = YES;
				SDKROOT = iphoneos;
			};
			name = Debug;
		};
		90ABC7C01D2446C5004C705A /* Release */ = {
			isa = XCBuildConfiguration;
			buildSettings = {
				ALWAYS_SEARCH_USER_PATHS = NO;
				CLANG_ANALYZER_NONNULL = YES;
				CLANG_CXX_LANGUAGE_STANDARD = "gnu++0x";
				CLANG_CXX_LIBRARY = "libc++";
				CLANG_ENABLE_MODULES = YES;
				CLANG_ENABLE_OBJC_ARC = YES;
				CLANG_WARN_BOOL_CONVERSION = YES;
				CLANG_WARN_CONSTANT_CONVERSION = YES;
				CLANG_WARN_DIRECT_OBJC_ISA_USAGE = YES_ERROR;
				CLANG_WARN_EMPTY_BODY = YES;
				CLANG_WARN_ENUM_CONVERSION = YES;
				CLANG_WARN_INT_CONVERSION = YES;
				CLANG_WARN_OBJC_ROOT_CLASS = YES_ERROR;
				CLANG_WARN_UNREACHABLE_CODE = YES;
				CLANG_WARN__DUPLICATE_METHOD_MATCH = YES;
				"CODE_SIGN_IDENTITY[sdk=iphoneos*]" = "iPhone Developer";
				COPY_PHASE_STRIP = NO;
				DEBUG_INFORMATION_FORMAT = "dwarf-with-dsym";
				ENABLE_NS_ASSERTIONS = NO;
				ENABLE_STRICT_OBJC_MSGSEND = YES;
				GCC_C_LANGUAGE_STANDARD = gnu99;
				GCC_NO_COMMON_BLOCKS = YES;
				GCC_WARN_64_TO_32_BIT_CONVERSION = YES;
				GCC_WARN_ABOUT_RETURN_TYPE = YES_ERROR;
				GCC_WARN_UNDECLARED_SELECTOR = YES;
				GCC_WARN_UNINITIALIZED_AUTOS = YES_AGGRESSIVE;
				GCC_WARN_UNUSED_FUNCTION = YES;
				GCC_WARN_UNUSED_VARIABLE = YES;
				IPHONEOS_DEPLOYMENT_TARGET = 9.3;
				MTL_ENABLE_DEBUG_INFO = NO;
				SDKROOT = iphoneos;
				VALIDATE_PRODUCT = YES;
			};
			name = Release;
		};
		90ABC7C21D2446C5004C705A /* Debug */ = {
			isa = XCBuildConfiguration;
			baseConfigurationReference = 1BC32DCF85777109265ACA5F /* Pods-Lingstest.debug.xcconfig */;
			buildSettings = {
				ASSETCATALOG_COMPILER_APPICON_NAME = AppIcon;
				INFOPLIST_FILE = Lingstest/Info.plist;
				LD_RUNPATH_SEARCH_PATHS = "$(inherited) @executable_path/Frameworks";
				PRODUCT_BUNDLE_IDENTIFIER = com.detroitlabs.Lingstest;
				PRODUCT_NAME = "$(TARGET_NAME)";
			};
			name = Debug;
		};
		90ABC7C31D2446C5004C705A /* Release */ = {
			isa = XCBuildConfiguration;
			baseConfigurationReference = E664B0087EA5885477C52023 /* Pods-Lingstest.release.xcconfig */;
			buildSettings = {
				ASSETCATALOG_COMPILER_APPICON_NAME = AppIcon;
				INFOPLIST_FILE = Lingstest/Info.plist;
				LD_RUNPATH_SEARCH_PATHS = "$(inherited) @executable_path/Frameworks";
				PRODUCT_BUNDLE_IDENTIFIER = com.detroitlabs.Lingstest;
				PRODUCT_NAME = "$(TARGET_NAME)";
			};
			name = Release;
		};
/* End XCBuildConfiguration section */

/* Begin XCConfigurationList section */
		90ABC7A51D2446C5004C705A /* Build configuration list for PBXProject "Lingstest" */ = {
			isa = XCConfigurationList;
			buildConfigurations = (
				90ABC7BF1D2446C5004C705A /* Debug */,
				90ABC7C01D2446C5004C705A /* Release */,
			);
			defaultConfigurationIsVisible = 0;
			defaultConfigurationName = Release;
		};
		90ABC7C11D2446C5004C705A /* Build configuration list for PBXNativeTarget "Lingstest" */ = {
			isa = XCConfigurationList;
			buildConfigurations = (
				90ABC7C21D2446C5004C705A /* Debug */,
				90ABC7C31D2446C5004C705A /* Release */,
			);
			defaultConfigurationIsVisible = 0;
			defaultConfigurationName = Release;
		};
/* End XCConfigurationList section */
	};
	rootObject = 90ABC7A21D2446C5004C705A /* Project object */;
}
